# This file is automatically @generated by Cargo.
# It is not intended for manual editing.
version = 3

[[package]]
name = "corex-cli"
version = "0.1.0"
dependencies = [
 "corex-core",
 "corex-errors",
]

[[package]]
name = "corex-config"
version = "0.1.0"

[[package]]
name = "corex-core"
version = "0.1.0"
dependencies = [
 "corex-config",
 "corex-errors",
]

[[package]]
name = "corex-errors"
version = "0.1.0"

[[package]]
name = "corex-manifest"
version = "0.1.0"
